// !$*UTF8*$!
{
	archiveVersion = 1;
	classes = {
	};
	objectVersion = 50;
	objects = {

/* Begin PBXBuildFile section */
		32200A28DB9A52051F04B8BE /* Pods_WeatherAppiOS.framework in Frameworks */ = {isa = PBXBuildFile; fileRef = 4885F34548B48DCAC998A11A /* Pods_WeatherAppiOS.framework */; };
		BAA8C840219CA17B00E8C45E /* AppDelegate.swift in Sources */ = {isa = PBXBuildFile; fileRef = BAA8C83F219CA17B00E8C45E /* AppDelegate.swift */; };
		BAA8C842219CA17B00E8C45E /* WeatherViewController.swift in Sources */ = {isa = PBXBuildFile; fileRef = BAA8C841219CA17B00E8C45E /* WeatherViewController.swift */; };
		BAA8C845219CA17B00E8C45E /* Main.storyboard in Resources */ = {isa = PBXBuildFile; fileRef = BAA8C843219CA17B00E8C45E /* Main.storyboard */; };
		BAA8C847219CA17D00E8C45E /* Assets.xcassets in Resources */ = {isa = PBXBuildFile; fileRef = BAA8C846219CA17D00E8C45E /* Assets.xcassets */; };
		BAA8C84A219CA17D00E8C45E /* LaunchScreen.storyboard in Resources */ = {isa = PBXBuildFile; fileRef = BAA8C848219CA17D00E8C45E /* LaunchScreen.storyboard */; };
		BAA8C853219CA68900E8C45E /* APIKeys.swift in Sources */ = {isa = PBXBuildFile; fileRef = BAA8C852219CA68900E8C45E /* APIKeys.swift */; };
		BAA8C856219CAA4800E8C45E /* Location.swift in Sources */ = {isa = PBXBuildFile; fileRef = BAA8C855219CAA4800E8C45E /* Location.swift */; };
		BAA8C858219CAAF300E8C45E /* APIManager.swift in Sources */ = {isa = PBXBuildFile; fileRef = BAA8C857219CAAF300E8C45E /* APIManager.swift */; };
		BAA8C85A219DF48300E8C45E /* ChangeLocationViewController.swift in Sources */ = {isa = PBXBuildFile; fileRef = BAA8C859219DF48300E8C45E /* ChangeLocationViewController.swift */; };
		BAA8C85D219F28E500E8C45E /* WeatherData.swift in Sources */ = {isa = PBXBuildFile; fileRef = BAA8C85C219F28E500E8C45E /* WeatherData.swift */; };
		BAA8C85F21A3357B00E8C45E /* GeocodingData.swift in Sources */ = {isa = PBXBuildFile; fileRef = BAA8C85E21A3357B00E8C45E /* GeocodingData.swift */; };
/* End PBXBuildFile section */

/* Begin PBXFileReference section */
		4885F34548B48DCAC998A11A /* Pods_WeatherAppiOS.framework */ = {isa = PBXFileReference; explicitFileType = wrapper.framework; includeInIndex = 0; path = Pods_WeatherAppiOS.framework; sourceTree = BUILT_PRODUCTS_DIR; };
		A9D54228BBC2855544D4011A /* Pods-WeatherAppiOS.debug.xcconfig */ = {isa = PBXFileReference; includeInIndex = 1; lastKnownFileType = text.xcconfig; name = "Pods-WeatherAppiOS.debug.xcconfig"; path = "Pods/Target Support Files/Pods-WeatherAppiOS/Pods-WeatherAppiOS.debug.xcconfig"; sourceTree = "<group>"; };
		BAA8C83C219CA17B00E8C45E /* WeatherAppiOS.app */ = {isa = PBXFileReference; explicitFileType = wrapper.application; includeInIndex = 0; path = WeatherAppiOS.app; sourceTree = BUILT_PRODUCTS_DIR; };
		BAA8C83F219CA17B00E8C45E /* AppDelegate.swift */ = {isa = PBXFileReference; lastKnownFileType = sourcecode.swift; path = AppDelegate.swift; sourceTree = "<group>"; };
		BAA8C841219CA17B00E8C45E /* WeatherViewController.swift */ = {isa = PBXFileReference; lastKnownFileType = sourcecode.swift; path = WeatherViewController.swift; sourceTree = "<group>"; };
		BAA8C844219CA17B00E8C45E /* Base */ = {isa = PBXFileReference; lastKnownFileType = file.storyboard; name = Base; path = Base.lproj/Main.storyboard; sourceTree = "<group>"; };
		BAA8C846219CA17D00E8C45E /* Assets.xcassets */ = {isa = PBXFileReference; lastKnownFileType = folder.assetcatalog; path = Assets.xcassets; sourceTree = "<group>"; };
		BAA8C849219CA17D00E8C45E /* Base */ = {isa = PBXFileReference; lastKnownFileType = file.storyboard; name = Base; path = Base.lproj/LaunchScreen.storyboard; sourceTree = "<group>"; };
		BAA8C84B219CA17D00E8C45E /* Info.plist */ = {isa = PBXFileReference; lastKnownFileType = text.plist.xml; path = Info.plist; sourceTree = "<group>"; };
		BAA8C852219CA68900E8C45E /* APIKeys.swift */ = {isa = PBXFileReference; lastKnownFileType = sourcecode.swift; path = APIKeys.swift; sourceTree = "<group>"; };
		BAA8C855219CAA4800E8C45E /* Location.swift */ = {isa = PBXFileReference; lastKnownFileType = sourcecode.swift; path = Location.swift; sourceTree = "<group>"; };
		BAA8C857219CAAF300E8C45E /* APIManager.swift */ = {isa = PBXFileReference; lastKnownFileType = sourcecode.swift; path = APIManager.swift; sourceTree = "<group>"; };
		BAA8C859219DF48300E8C45E /* ChangeLocationViewController.swift */ = {isa = PBXFileReference; lastKnownFileType = sourcecode.swift; path = ChangeLocationViewController.swift; sourceTree = "<group>"; };
		BAA8C85C219F28E500E8C45E /* WeatherData.swift */ = {isa = PBXFileReference; lastKnownFileType = sourcecode.swift; path = WeatherData.swift; sourceTree = "<group>"; };
		BAA8C85E21A3357B00E8C45E /* GeocodingData.swift */ = {isa = PBXFileReference; lastKnownFileType = sourcecode.swift; path = GeocodingData.swift; sourceTree = "<group>"; };
		F791DAB8F7ACB2A733723C46 /* Pods-WeatherAppiOS.release.xcconfig */ = {isa = PBXFileReference; includeInIndex = 1; lastKnownFileType = text.xcconfig; name = "Pods-WeatherAppiOS.release.xcconfig"; path = "Pods/Target Support Files/Pods-WeatherAppiOS/Pods-WeatherAppiOS.release.xcconfig"; sourceTree = "<group>"; };
/* End PBXFileReference section */

/* Begin PBXFrameworksBuildPhase section */
		BAA8C839219CA17B00E8C45E /* Frameworks */ = {
			isa = PBXFrameworksBuildPhase;
			buildActionMask = 2147483647;
			files = (
				32200A28DB9A52051F04B8BE /* Pods_WeatherAppiOS.framework in Frameworks */,
			);
			runOnlyForDeploymentPostprocessing = 0;
		};
/* End PBXFrameworksBuildPhase section */

/* Begin PBXGroup section */
		91F7D259B64D3AE02343F316 /* Pods */ = {
			isa = PBXGroup;
			children = (
				A9D54228BBC2855544D4011A /* Pods-WeatherAppiOS.debug.xcconfig */,
				F791DAB8F7ACB2A733723C46 /* Pods-WeatherAppiOS.release.xcconfig */,
			);
			name = Pods;
			sourceTree = "<group>";
		};
		BAA8C833219CA17B00E8C45E = {
			isa = PBXGroup;
			children = (
				BAA8C83E219CA17B00E8C45E /* WeatherAppiOS */,
				BAA8C83D219CA17B00E8C45E /* Products */,
				91F7D259B64D3AE02343F316 /* Pods */,
				DC743FF548A05D1528F93F4D /* Frameworks */,
			);
			sourceTree = "<group>";
		};
		BAA8C83D219CA17B00E8C45E /* Products */ = {
			isa = PBXGroup;
			children = (
				BAA8C83C219CA17B00E8C45E /* WeatherAppiOS.app */,
			);
			name = Products;
			sourceTree = "<group>";
		};
		BAA8C83E219CA17B00E8C45E /* WeatherAppiOS */ = {
			isa = PBXGroup;
			children = (
				BAA8C851219CA65100E8C45E /* API */,
				BAA8C854219CAA3800E8C45E /* Models */,
				BAA8C83F219CA17B00E8C45E /* AppDelegate.swift */,
				BAA8C841219CA17B00E8C45E /* WeatherViewController.swift */,
				BAA8C859219DF48300E8C45E /* ChangeLocationViewController.swift */,
				BAA8C843219CA17B00E8C45E /* Main.storyboard */,
				BAA8C846219CA17D00E8C45E /* Assets.xcassets */,
				BAA8C848219CA17D00E8C45E /* LaunchScreen.storyboard */,
				BAA8C84B219CA17D00E8C45E /* Info.plist */,
			);
			path = WeatherAppiOS;
			sourceTree = "<group>";
		};
		BAA8C851219CA65100E8C45E /* API */ = {
			isa = PBXGroup;
			children = (
				BAA8C852219CA68900E8C45E /* APIKeys.swift */,
				BAA8C857219CAAF300E8C45E /* APIManager.swift */,
			);
			path = API;
			sourceTree = "<group>";
		};
		BAA8C854219CAA3800E8C45E /* Models */ = {
			isa = PBXGroup;
			children = (
				BAA8C855219CAA4800E8C45E /* Location.swift */,
				BAA8C85C219F28E500E8C45E /* WeatherData.swift */,
				BAA8C85E21A3357B00E8C45E /* GeocodingData.swift */,
			);
			path = Models;
			sourceTree = "<group>";
		};
		DC743FF548A05D1528F93F4D /* Frameworks */ = {
			isa = PBXGroup;
			children = (
				4885F34548B48DCAC998A11A /* Pods_WeatherAppiOS.framework */,
			);
			name = Frameworks;
			sourceTree = "<group>";
		};
/* End PBXGroup section */

/* Begin PBXNativeTarget section */
		BAA8C83B219CA17B00E8C45E /* WeatherAppiOS */ = {
			isa = PBXNativeTarget;
			buildConfigurationList = BAA8C84E219CA17D00E8C45E /* Build configuration list for PBXNativeTarget "WeatherAppiOS" */;
			buildPhases = (
				225300F6608A5C6DC4B5E928 /* [CP] Check Pods Manifest.lock */,
				BAA8C838219CA17B00E8C45E /* Sources */,
				BAA8C839219CA17B00E8C45E /* Frameworks */,
				BAA8C83A219CA17B00E8C45E /* Resources */,
				2057C270870698C219143A68 /* [CP] Embed Pods Frameworks */,
			);
			buildRules = (
			);
			dependencies = (
			);
			name = WeatherAppiOS;
			productName = WeatherAppiOS;
			productReference = BAA8C83C219CA17B00E8C45E /* WeatherAppiOS.app */;
			productType = "com.apple.product-type.application";
		};
/* End PBXNativeTarget section */

/* Begin PBXProject section */
		BAA8C834219CA17B00E8C45E /* Project object */ = {
			isa = PBXProject;
			attributes = {
				LastSwiftUpdateCheck = 1010;
				LastUpgradeCheck = 1010;
				ORGANIZATIONNAME = "Gabriela Torres";
				TargetAttributes = {
					BAA8C83B219CA17B00E8C45E = {
						CreatedOnToolsVersion = 10.1;
					};
				};
			};
			buildConfigurationList = BAA8C837219CA17B00E8C45E /* Build configuration list for PBXProject "WeatherAppiOS" */;
			compatibilityVersion = "Xcode 9.3";
			developmentRegion = en;
			hasScannedForEncodings = 0;
			knownRegions = (
				en,
				Base,
			);
			mainGroup = BAA8C833219CA17B00E8C45E;
			productRefGroup = BAA8C83D219CA17B00E8C45E /* Products */;
			projectDirPath = "";
			projectRoot = "";
			targets = (
				BAA8C83B219CA17B00E8C45E /* WeatherAppiOS */,
			);
		};
/* End PBXProject section */

/* Begin PBXResourcesBuildPhase section */
		BAA8C83A219CA17B00E8C45E /* Resources */ = {
			isa = PBXResourcesBuildPhase;
			buildActionMask = 2147483647;
			files = (
				BAA8C84A219CA17D00E8C45E /* LaunchScreen.storyboard in Resources */,
				BAA8C847219CA17D00E8C45E /* Assets.xcassets in Resources */,
				BAA8C845219CA17B00E8C45E /* Main.storyboard in Resources */,
			);
			runOnlyForDeploymentPostprocessing = 0;
		};
/* End PBXResourcesBuildPhase section */

/* Begin PBXShellScriptBuildPhase section */
		2057C270870698C219143A68 /* [CP] Embed Pods Frameworks */ = {
			isa = PBXShellScriptBuildPhase;
			buildActionMask = 2147483647;
			files = (
			);
			inputPaths = (
				"${SRCROOT}/Pods/Target Support Files/Pods-WeatherAppiOS/Pods-WeatherAppiOS-frameworks.sh",
				"${BUILT_PRODUCTS_DIR}/Alamofire/Alamofire.framework",
				"${BUILT_PRODUCTS_DIR}/SwiftyJSON/SwiftyJSON.framework",
			);
			name = "[CP] Embed Pods Frameworks";
			outputPaths = (
				"${TARGET_BUILD_DIR}/${FRAMEWORKS_FOLDER_PATH}/Alamofire.framework",
				"${TARGET_BUILD_DIR}/${FRAMEWORKS_FOLDER_PATH}/SwiftyJSON.framework",
			);
			runOnlyForDeploymentPostprocessing = 0;
			shellPath = /bin/sh;
			shellScript = "\"${SRCROOT}/Pods/Target Support Files/Pods-WeatherAppiOS/Pods-WeatherAppiOS-frameworks.sh\"\n";
			showEnvVarsInLog = 0;
		};
		225300F6608A5C6DC4B5E928 /* [CP] Check Pods Manifest.lock */ = {
			isa = PBXShellScriptBuildPhase;
			buildActionMask = 2147483647;
			files = (
			);
			inputPaths = (
				"${PODS_PODFILE_DIR_PATH}/Podfile.lock",
				"${PODS_ROOT}/Manifest.lock",
			);
			name = "[CP] Check Pods Manifest.lock";
			outputPaths = (
				"$(DERIVED_FILE_DIR)/Pods-WeatherAppiOS-checkManifestLockResult.txt",
			);
			runOnlyForDeploymentPostprocessing = 0;
			shellPath = /bin/sh;
			shellScript = "diff \"${PODS_PODFILE_DIR_PATH}/Podfile.lock\" \"${PODS_ROOT}/Manifest.lock\" > /dev/null\nif [ $? != 0 ] ; then\n    # print error to STDERR\n    echo \"error: The sandbox is not in sync with the Podfile.lock. Run 'pod install' or update your CocoaPods installation.\" >&2\n    exit 1\nfi\n# This output is used by Xcode 'outputs' to avoid re-running this script phase.\necho \"SUCCESS\" > \"${SCRIPT_OUTPUT_FILE_0}\"\n";
			showEnvVarsInLog = 0;
		};
/* End PBXShellScriptBuildPhase section */

/* Begin PBXSourcesBuildPhase section */
		BAA8C838219CA17B00E8C45E /* Sources */ = {
			isa = PBXSourcesBuildPhase;
			buildActionMask = 2147483647;
			files = (
				BAA8C853219CA68900E8C45E /* APIKeys.swift in Sources */,
				BAA8C85A219DF48300E8C45E /* ChangeLocationViewController.swift in Sources */,
				BAA8C85D219F28E500E8C45E /* WeatherData.swift in Sources */,
				BAA8C856219CAA4800E8C45E /* Location.swift in Sources */,
				BAA8C858219CAAF300E8C45E /* APIManager.swift in Sources */,
				BAA8C842219CA17B00E8C45E /* WeatherViewController.swift in Sources */,
				BAA8C840219CA17B00E8C45E /* AppDelegate.swift in Sources */,
				BAA8C85F21A3357B00E8C45E /* GeocodingData.swift in Sources */,
			);
			runOnlyForDeploymentPostprocessing = 0;
		};
/* End PBXSourcesBuildPhase section */

/* Begin PBXVariantGroup section */
		BAA8C843219CA17B00E8C45E /* Main.storyboard */ = {
			isa = PBXVariantGroup;
			children = (
				BAA8C844219CA17B00E8C45E /* Base */,
			);
			name = Main.storyboard;
			sourceTree = "<group>";
		};
		BAA8C848219CA17D00E8C45E /* LaunchScreen.storyboard */ = {
			isa = PBXVariantGroup;
			children = (
				BAA8C849219CA17D00E8C45E /* Base */,
			);
			name = LaunchScreen.storyboard;
			sourceTree = "<group>";
		};
/* End PBXVariantGroup section */

/* Begin XCBuildConfiguration section */
		BAA8C84C219CA17D00E8C45E /* Debug */ = {
			isa = XCBuildConfiguration;
			buildSettings = {
				ALWAYS_SEARCH_USER_PATHS = NO;
				CLANG_ANALYZER_NONNULL = YES;
				CLANG_ANALYZER_NUMBER_OBJECT_CONVERSION = YES_AGGRESSIVE;
				CLANG_CXX_LANGUAGE_STANDARD = "gnu++14";
				CLANG_CXX_LIBRARY = "libc++";
				CLANG_ENABLE_MODULES = YES;
				CLANG_ENABLE_OBJC_ARC = YES;
				CLANG_ENABLE_OBJC_WEAK = YES;
				CLANG_WARN_BLOCK_CAPTURE_AUTORELEASING = YES;
				CLANG_WARN_BOOL_CONVERSION = YES;
				CLANG_WARN_COMMA = YES;
				CLANG_WARN_CONSTANT_CONVERSION = YES;
				CLANG_WARN_DEPRECATED_OBJC_IMPLEMENTATIONS = YES;
				CLANG_WARN_DIRECT_OBJC_ISA_USAGE = YES_ERROR;
				CLANG_WARN_DOCUMENTATION_COMMENTS = YES;
				CLANG_WARN_EMPTY_BODY = YES;
				CLANG_WARN_ENUM_CONVERSION = YES;
				CLANG_WARN_INFINITE_RECURSION = YES;
				CLANG_WARN_INT_CONVERSION = YES;
				CLANG_WARN_NON_LITERAL_NULL_CONVERSION = YES;
				CLANG_WARN_OBJC_IMPLICIT_RETAIN_SELF = YES;
				CLANG_WARN_OBJC_LITERAL_CONVERSION = YES;
				CLANG_WARN_OBJC_ROOT_CLASS = YES_ERROR;
				CLANG_WARN_RANGE_LOOP_ANALYSIS = YES;
				CLANG_WARN_STRICT_PROTOTYPES = YES;
				CLANG_WARN_SUSPICIOUS_MOVE = YES;
				CLANG_WARN_UNGUARDED_AVAILABILITY = YES_AGGRESSIVE;
				CLANG_WARN_UNREACHABLE_CODE = YES;
				CLANG_WARN__DUPLICATE_METHOD_MATCH = YES;
				CODE_SIGN_IDENTITY = "iPhone Developer";
				COPY_PHASE_STRIP = NO;
				DEBUG_INFORMATION_FORMAT = dwarf;
				ENABLE_STRICT_OBJC_MSGSEND = YES;
				ENABLE_TESTABILITY = YES;
				GCC_C_LANGUAGE_STANDARD = gnu11;
				GCC_DYNAMIC_NO_PIC = NO;
				GCC_NO_COMMON_BLOCKS = YES;
				GCC_OPTIMIZATION_LEVEL = 0;
				GCC_PREPROCESSOR_DEFINITIONS = (
					"DEBUG=1",
					"$(inherited)",
				);
				GCC_WARN_64_TO_32_BIT_CONVERSION = YES;
				GCC_WARN_ABOUT_RETURN_TYPE = YES_ERROR;
				GCC_WARN_UNDECLARED_SELECTOR = YES;
				GCC_WARN_UNINITIALIZED_AUTOS = YES_AGGRESSIVE;
				GCC_WARN_UNUSED_FUNCTION = YES;
				GCC_WARN_UNUSED_VARIABLE = YES;
				IPHONEOS_DEPLOYMENT_TARGET = 12.1;
				MTL_ENABLE_DEBUG_INFO = INCLUDE_SOURCE;
				MTL_FAST_MATH = YES;
				ONLY_ACTIVE_ARCH = YES;
				SDKROOT = iphoneos;
				SWIFT_ACTIVE_COMPILATION_CONDITIONS = DEBUG;
				SWIFT_OPTIMIZATION_LEVEL = "-Onone";
			};
			name = Debug;
		};
		BAA8C84D219CA17D00E8C45E /* Release */ = {
			isa = XCBuildConfiguration;
			buildSettings = {
				ALWAYS_SEARCH_USER_PATHS = NO;
				CLANG_ANALYZER_NONNULL = YES;
				CLANG_ANALYZER_NUMBER_OBJECT_CONVERSION = YES_AGGRESSIVE;
				CLANG_CXX_LANGUAGE_STANDARD = "gnu++14";
				CLANG_CXX_LIBRARY = "libc++";
				CLANG_ENABLE_MODULES = YES;
				CLANG_ENABLE_OBJC_ARC = YES;
				CLANG_ENABLE_OBJC_WEAK = YES;
				CLANG_WARN_BLOCK_CAPTURE_AUTORELEASING = YES;
				CLANG_WARN_BOOL_CONVERSION = YES;
				CLANG_WARN_COMMA = YES;
				CLANG_WARN_CONSTANT_CONVERSION = YES;
				CLANG_WARN_DEPRECATED_OBJC_IMPLEMENTATIONS = YES;
				CLANG_WARN_DIRECT_OBJC_ISA_USAGE = YES_ERROR;
				CLANG_WARN_DOCUMENTATION_COMMENTS = YES;
				CLANG_WARN_EMPTY_BODY = YES;
				CLANG_WARN_ENUM_CONVERSION = YES;
				CLANG_WARN_INFINITE_RECURSION = YES;
				CLANG_WARN_INT_CONVERSION = YES;
				CLANG_WARN_NON_LITERAL_NULL_CONVERSION = YES;
				CLANG_WARN_OBJC_IMPLICIT_RETAIN_SELF = YES;
				CLANG_WARN_OBJC_LITERAL_CONVERSION = YES;
				CLANG_WARN_OBJC_ROOT_CLASS = YES_ERROR;
				CLANG_WARN_RANGE_LOOP_ANALYSIS = YES;
				CLANG_WARN_STRICT_PROTOTYPES = YES;
				CLANG_WARN_SUSPICIOUS_MOVE = YES;
				CLANG_WARN_UNGUARDED_AVAILABILITY = YES_AGGRESSIVE;
				CLANG_WARN_UNREACHABLE_CODE = YES;
				CLANG_WARN__DUPLICATE_METHOD_MATCH = YES;
				CODE_SIGN_IDENTITY = "iPhone Developer";
				COPY_PHASE_STRIP = NO;
				DEBUG_INFORMATION_FORMAT = "dwarf-with-dsym";
				ENABLE_NS_ASSERTIONS = NO;
				ENABLE_STRICT_OBJC_MSGSEND = YES;
				GCC_C_LANGUAGE_STANDARD = gnu11;
				GCC_NO_COMMON_BLOCKS = YES;
				GCC_WARN_64_TO_32_BIT_CONVERSION = YES;
				GCC_WARN_ABOUT_RETURN_TYPE = YES_ERROR;
				GCC_WARN_UNDECLARED_SELECTOR = YES;
				GCC_WARN_UNINITIALIZED_AUTOS = YES_AGGRESSIVE;
				GCC_WARN_UNUSED_FUNCTION = YES;
				GCC_WARN_UNUSED_VARIABLE = YES;
				IPHONEOS_DEPLOYMENT_TARGET = 12.1;
				MTL_ENABLE_DEBUG_INFO = NO;
				MTL_FAST_MATH = YES;
				SDKROOT = iphoneos;
				SWIFT_COMPILATION_MODE = wholemodule;
				SWIFT_OPTIMIZATION_LEVEL = "-O";
				VALIDATE_PRODUCT = YES;
			};
			name = Release;
		};
		BAA8C84F219CA17D00E8C45E /* Debug */ = {
			isa = XCBuildConfiguration;
			baseConfigurationReference = A9D54228BBC2855544D4011A /* Pods-WeatherAppiOS.debug.xcconfig */;
			buildSettings = {
				ASSETCATALOG_COMPILER_APPICON_NAME = AppIcon;
				CODE_SIGN_STYLE = Automatic;
				INFOPLIST_FILE = WeatherAppiOS/Info.plist;
				LD_RUNPATH_SEARCH_PATHS = (
					"$(inherited)",
					"@executable_path/Frameworks",
				);
				PRODUCT_BUNDLE_IDENTIFIER = com.gabrielaTorres.WeatherAppiOS;
				PRODUCT_NAME = "$(TARGET_NAME)";
				SWIFT_VERSION = 4.2;
				TARGETED_DEVICE_FAMILY = "1,2";
			};
			name = Debug;
		};
		BAA8C850219CA17D00E8C45E /* Release */ = {
			isa = XCBuildConfiguration;
			baseConfigurationReference = F791DAB8F7ACB2A733723C46 /* Pods-WeatherAppiOS.release.xcconfig */;
			buildSettings = {
				ASSETCATALOG_COMPILER_APPICON_NAME = AppIcon;
				CODE_SIGN_STYLE = Automatic;
				INFOPLIST_FILE = WeatherAppiOS/Info.plist;
				LD_RUNPATH_SEARCH_PATHS = (
					"$(inherited)",
					"@executable_path/Frameworks",
				);
				PRODUCT_BUNDLE_IDENTIFIER = com.gabrielaTorres.WeatherAppiOS;
				PRODUCT_NAME = "$(TARGET_NAME)";
				SWIFT_VERSION = 4.2;
				TARGETED_DEVICE_FAMILY = "1,2";
			};
			name = Release;
		};
/* End XCBuildConfiguration section */

/* Begin XCConfigurationList section */
		BAA8C837219CA17B00E8C45E /* Build configuration list for PBXProject "WeatherAppiOS" */ = {
			isa = XCConfigurationList;
			buildConfigurations = (
				BAA8C84C219CA17D00E8C45E /* Debug */,
				BAA8C84D219CA17D00E8C45E /* Release */,
			);
			defaultConfigurationIsVisible = 0;
			defaultConfigurationName = Release;
		};
		BAA8C84E219CA17D00E8C45E /* Build configuration list for PBXNativeTarget "WeatherAppiOS" */ = {
			isa = XCConfigurationList;
			buildConfigurations = (
				BAA8C84F219CA17D00E8C45E /* Debug */,
				BAA8C850219CA17D00E8C45E /* Release */,
			);
			defaultConfigurationIsVisible = 0;
			defaultConfigurationName = Release;
		};
/* End XCConfigurationList section */
	};
	rootObject = BAA8C834219CA17B00E8C45E /* Project object */;
}
